// !$*UTF8*$!
{
	archiveVersion = 1;
	classes = {
	};
	objectVersion = 56;
	objects = {

/* Begin PBXBuildFile section */
		1225751A28F18D51001C7372 /* AppDelegate.swift in Sources */ = {isa = PBXBuildFile; fileRef = 1225751928F18D51001C7372 /* AppDelegate.swift */; };
		1225751C28F18D51001C7372 /* SceneDelegate.swift in Sources */ = {isa = PBXBuildFile; fileRef = 1225751B28F18D51001C7372 /* SceneDelegate.swift */; };
		1225751E28F18D51001C7372 /* ViewController.swift in Sources */ = {isa = PBXBuildFile; fileRef = 1225751D28F18D51001C7372 /* ViewController.swift */; };
		1225752128F18D51001C7372 /* Main.storyboard in Resources */ = {isa = PBXBuildFile; fileRef = 1225751F28F18D51001C7372 /* Main.storyboard */; };
		1225752328F18D53001C7372 /* Assets.xcassets in Resources */ = {isa = PBXBuildFile; fileRef = 1225752228F18D53001C7372 /* Assets.xcassets */; };
		1225752628F18D53001C7372 /* LaunchScreen.storyboard in Resources */ = {isa = PBXBuildFile; fileRef = 1225752428F18D53001C7372 /* LaunchScreen.storyboard */; };
		1225753128F18D53001C7372 /* AgsDemoTests.swift in Sources */ = {isa = PBXBuildFile; fileRef = 1225753028F18D53001C7372 /* AgsDemoTests.swift */; };
		1225753B28F18D53001C7372 /* AgsDemoUITests.swift in Sources */ = {isa = PBXBuildFile; fileRef = 1225753A28F18D53001C7372 /* AgsDemoUITests.swift */; };
		1225753D28F18D53001C7372 /* AgsDemoUITestsLaunchTests.swift in Sources */ = {isa = PBXBuildFile; fileRef = 1225753C28F18D53001C7372 /* AgsDemoUITestsLaunchTests.swift */; };
/* End PBXBuildFile section */

/* Begin PBXContainerItemProxy section */
		1225752D28F18D53001C7372 /* PBXContainerItemProxy */ = {
			isa = PBXContainerItemProxy;
			containerPortal = 1225750E28F18D51001C7372 /* Project object */;
			proxyType = 1;
			remoteGlobalIDString = 1225751528F18D51001C7372;
			remoteInfo = AgsDemo;
		};
		1225753728F18D53001C7372 /* PBXContainerItemProxy */ = {
			isa = PBXContainerItemProxy;
			containerPortal = 1225750E28F18D51001C7372 /* Project object */;
			proxyType = 1;
			remoteGlobalIDString = 1225751528F18D51001C7372;
			remoteInfo = AgsDemo;
		};
/* End PBXContainerItemProxy section */

/* Begin PBXFileReference section */
		1225751628F18D51001C7372 /* AgsDemo.app */ = {isa = PBXFileReference; explicitFileType = wrapper.application; includeInIndex = 0; path = AgsDemo.app; sourceTree = BUILT_PRODUCTS_DIR; };
		1225751928F18D51001C7372 /* AppDelegate.swift */ = {isa = PBXFileReference; lastKnownFileType = sourcecode.swift; path = AppDelegate.swift; sourceTree = "<group>"; };
		1225751B28F18D51001C7372 /* SceneDelegate.swift */ = {isa = PBXFileReference; lastKnownFileType = sourcecode.swift; path = SceneDelegate.swift; sourceTree = "<group>"; };
		1225751D28F18D51001C7372 /* ViewController.swift */ = {isa = PBXFileReference; lastKnownFileType = sourcecode.swift; path = ViewController.swift; sourceTree = "<group>"; };
		1225752028F18D51001C7372 /* Base */ = {isa = PBXFileReference; lastKnownFileType = file.storyboard; name = Base; path = Base.lproj/Main.storyboard; sourceTree = "<group>"; };
		1225752228F18D53001C7372 /* Assets.xcassets */ = {isa = PBXFileReference; lastKnownFileType = folder.assetcatalog; path = Assets.xcassets; sourceTree = "<group>"; };
		1225752528F18D53001C7372 /* Base */ = {isa = PBXFileReference; lastKnownFileType = file.storyboard; name = Base; path = Base.lproj/LaunchScreen.storyboard; sourceTree = "<group>"; };
		1225752728F18D53001C7372 /* Info.plist */ = {isa = PBXFileReference; lastKnownFileType = text.plist.xml; path = Info.plist; sourceTree = "<group>"; };
		1225752C28F18D53001C7372 /* AgsDemoTests.xctest */ = {isa = PBXFileReference; explicitFileType = wrapper.cfbundle; includeInIndex = 0; path = AgsDemoTests.xctest; sourceTree = BUILT_PRODUCTS_DIR; };
		1225753028F18D53001C7372 /* AgsDemoTests.swift */ = {isa = PBXFileReference; lastKnownFileType = sourcecode.swift; path = AgsDemoTests.swift; sourceTree = "<group>"; };
		1225753628F18D53001C7372 /* AgsDemoUITests.xctest */ = {isa = PBXFileReference; explicitFileType = wrapper.cfbundle; includeInIndex = 0; path = AgsDemoUITests.xctest; sourceTree = BUILT_PRODUCTS_DIR; };
		1225753A28F18D53001C7372 /* AgsDemoUITests.swift */ = {isa = PBXFileReference; lastKnownFileType = sourcecode.swift; path = AgsDemoUITests.swift; sourceTree = "<group>"; };
		1225753C28F18D53001C7372 /* AgsDemoUITestsLaunchTests.swift */ = {isa = PBXFileReference; lastKnownFileType = sourcecode.swift; path = AgsDemoUITestsLaunchTests.swift; sourceTree = "<group>"; };
/* End PBXFileReference section */

/* Begin PBXFrameworksBuildPhase section */
		1225751328F18D51001C7372 /* Frameworks */ = {
			isa = PBXFrameworksBuildPhase;
			buildActionMask = 2147483647;
			files = (
			);
			runOnlyForDeploymentPostprocessing = 0;
		};
		1225752928F18D53001C7372 /* Frameworks */ = {
			isa = PBXFrameworksBuildPhase;
			buildActionMask = 2147483647;
			files = (
			);
			runOnlyForDeploymentPostprocessing = 0;
		};
		1225753328F18D53001C7372 /* Frameworks */ = {
			isa = PBXFrameworksBuildPhase;
			buildActionMask = 2147483647;
			files = (
			);
			runOnlyForDeploymentPostprocessing = 0;
		};
/* End PBXFrameworksBuildPhase section */

/* Begin PBXGroup section */
		1225750D28F18D51001C7372 = {
			isa = PBXGroup;
			children = (
				1225751828F18D51001C7372 /* AgsDemo */,
				1225752F28F18D53001C7372 /* AgsDemoTests */,
				1225753928F18D53001C7372 /* AgsDemoUITests */,
				1225751728F18D51001C7372 /* Products */,
			);
			sourceTree = "<group>";
		};
		1225751728F18D51001C7372 /* Products */ = {
			isa = PBXGroup;
			children = (
				1225751628F18D51001C7372 /* AgsDemo.app */,
				1225752C28F18D53001C7372 /* AgsDemoTests.xctest */,
				1225753628F18D53001C7372 /* AgsDemoUITests.xctest */,
			);
			name = Products;
			sourceTree = "<group>";
		};
		1225751828F18D51001C7372 /* AgsDemo */ = {
			isa = PBXGroup;
			children = (
				1225751928F18D51001C7372 /* AppDelegate.swift */,
				1225751B28F18D51001C7372 /* SceneDelegate.swift */,
				1225751D28F18D51001C7372 /* ViewController.swift */,
				1225751F28F18D51001C7372 /* Main.storyboard */,
				1225752228F18D53001C7372 /* Assets.xcassets */,
				1225752428F18D53001C7372 /* LaunchScreen.storyboard */,
				1225752728F18D53001C7372 /* Info.plist */,
			);
			path = AgsDemo;
			sourceTree = "<group>";
		};
		1225752F28F18D53001C7372 /* AgsDemoTests */ = {
			isa = PBXGroup;
			children = (
				1225753028F18D53001C7372 /* AgsDemoTests.swift */,
			);
			path = AgsDemoTests;
			sourceTree = "<group>";
		};
		1225753928F18D53001C7372 /* AgsDemoUITests */ = {
			isa = PBXGroup;
			children = (
				1225753A28F18D53001C7372 /* AgsDemoUITests.swift */,
				1225753C28F18D53001C7372 /* AgsDemoUITestsLaunchTests.swift */,
			);
			path = AgsDemoUITests;
			sourceTree = "<group>";
		};
/* End PBXGroup section */

/* Begin PBXNativeTarget section */
		1225751528F18D51001C7372 /* AgsDemo */ = {
			isa = PBXNativeTarget;
			buildConfigurationList = 1225754028F18D53001C7372 /* Build configuration list for PBXNativeTarget "AgsDemo" */;
			buildPhases = (
				1225751228F18D51001C7372 /* Sources */,
				1225751328F18D51001C7372 /* Frameworks */,
				1225751428F18D51001C7372 /* Resources */,
			);
			buildRules = (
			);
			dependencies = (
			);
			name = AgsDemo;
			productName = AgsDemo;
			productReference = 1225751628F18D51001C7372 /* AgsDemo.app */;
			productType = "com.apple.product-type.application";
		};
		1225752B28F18D53001C7372 /* AgsDemoTests */ = {
			isa = PBXNativeTarget;
			buildConfigurationList = 1225754328F18D53001C7372 /* Build configuration list for PBXNativeTarget "AgsDemoTests" */;
			buildPhases = (
				1225752828F18D53001C7372 /* Sources */,
				1225752928F18D53001C7372 /* Frameworks */,
				1225752A28F18D53001C7372 /* Resources */,
			);
			buildRules = (
			);
			dependencies = (
				1225752E28F18D53001C7372 /* PBXTargetDependency */,
			);
			name = AgsDemoTests;
			productName = AgsDemoTests;
			productReference = 1225752C28F18D53001C7372 /* AgsDemoTests.xctest */;
			productType = "com.apple.product-type.bundle.unit-test";
		};
		1225753528F18D53001C7372 /* AgsDemoUITests */ = {
			isa = PBXNativeTarget;
			buildConfigurationList = 1225754628F18D53001C7372 /* Build configuration list for PBXNativeTarget "AgsDemoUITests" */;
			buildPhases = (
				1225753228F18D53001C7372 /* Sources */,
				1225753328F18D53001C7372 /* Frameworks */,
				1225753428F18D53001C7372 /* Resources */,
			);
			buildRules = (
			);
			dependencies = (
				1225753828F18D53001C7372 /* PBXTargetDependency */,
			);
			name = AgsDemoUITests;
			productName = AgsDemoUITests;
			productReference = 1225753628F18D53001C7372 /* AgsDemoUITests.xctest */;
			productType = "com.apple.product-type.bundle.ui-testing";
		};
/* End PBXNativeTarget section */

/* Begin PBXProject section */
		1225750E28F18D51001C7372 /* Project object */ = {
			isa = PBXProject;
			attributes = {
				BuildIndependentTargetsInParallel = 1;
				LastSwiftUpdateCheck = 1400;
				LastUpgradeCheck = 1400;
				TargetAttributes = {
					1225751528F18D51001C7372 = {
						CreatedOnToolsVersion = 14.0;
					};
					1225752B28F18D53001C7372 = {
						CreatedOnToolsVersion = 14.0;
						TestTargetID = 1225751528F18D51001C7372;
					};
					1225753528F18D53001C7372 = {
						CreatedOnToolsVersion = 14.0;
						TestTargetID = 1225751528F18D51001C7372;
					};
				};
			};
			buildConfigurationList = 1225751128F18D51001C7372 /* Build configuration list for PBXProject "AgsDemo" */;
			compatibilityVersion = "Xcode 14.0";
			developmentRegion = en;
			hasScannedForEncodings = 0;
			knownRegions = (
				en,
				Base,
			);
			mainGroup = 1225750D28F18D51001C7372;
			productRefGroup = 1225751728F18D51001C7372 /* Products */;
			projectDirPath = "";
			projectRoot = "";
			targets = (
				1225751528F18D51001C7372 /* AgsDemo */,
				1225752B28F18D53001C7372 /* AgsDemoTests */,
				1225753528F18D53001C7372 /* AgsDemoUITests */,
			);
		};
/* End PBXProject section */

/* Begin PBXResourcesBuildPhase section */
		1225751428F18D51001C7372 /* Resources */ = {
			isa = PBXResourcesBuildPhase;
			buildActionMask = 2147483647;
			files = (
				1225752628F18D53001C7372 /* LaunchScreen.storyboard in Resources */,
				1225752328F18D53001C7372 /* Assets.xcassets in Resources */,
				1225752128F18D51001C7372 /* Main.storyboard in Resources */,
			);
			runOnlyForDeploymentPostprocessing = 0;
		};
		1225752A28F18D53001C7372 /* Resources */ = {
			isa = PBXResourcesBuildPhase;
			buildActionMask = 2147483647;
			files = (
			);
			runOnlyForDeploymentPostprocessing = 0;
		};
		1225753428F18D53001C7372 /* Resources */ = {
			isa = PBXResourcesBuildPhase;
			buildActionMask = 2147483647;
			files = (
			);
			runOnlyForDeploymentPostprocessing = 0;
		};
/* End PBXResourcesBuildPhase section */

/* Begin PBXSourcesBuildPhase section */
		1225751228F18D51001C7372 /* Sources */ = {
			isa = PBXSourcesBuildPhase;
			buildActionMask = 2147483647;
			files = (
				1225751E28F18D51001C7372 /* ViewController.swift in Sources */,
				1225751A28F18D51001C7372 /* AppDelegate.swift in Sources */,
				1225751C28F18D51001C7372 /* SceneDelegate.swift in Sources */,
			);
			runOnlyForDeploymentPostprocessing = 0;
		};
		1225752828F18D53001C7372 /* Sources */ = {
			isa = PBXSourcesBuildPhase;
			buildActionMask = 2147483647;
			files = (
				1225753128F18D53001C7372 /* AgsDemoTests.swift in Sources */,
			);
			runOnlyForDeploymentPostprocessing = 0;
		};
		1225753228F18D53001C7372 /* Sources */ = {
			isa = PBXSourcesBuildPhase;
			buildActionMask = 2147483647;
			files = (
				1225753B28F18D53001C7372 /* AgsDemoUITests.swift in Sources */,
				1225753D28F18D53001C7372 /* AgsDemoUITestsLaunchTests.swift in Sources */,
			);
			runOnlyForDeploymentPostprocessing = 0;
		};
/* End PBXSourcesBuildPhase section */

/* Begin PBXTargetDependency section */
		1225752E28F18D53001C7372 /* PBXTargetDependency */ = {
			isa = PBXTargetDependency;
			target = 1225751528F18D51001C7372 /* AgsDemo */;
			targetProxy = 1225752D28F18D53001C7372 /* PBXContainerItemProxy */;
		};
		1225753828F18D53001C7372 /* PBXTargetDependency */ = {
			isa = PBXTargetDependency;
			target = 1225751528F18D51001C7372 /* AgsDemo */;
			targetProxy = 1225753728F18D53001C7372 /* PBXContainerItemProxy */;
		};
/* End PBXTargetDependency section */

/* Begin PBXVariantGroup section */
		1225751F28F18D51001C7372 /* Main.storyboard */ = {
			isa = PBXVariantGroup;
			children = (
				1225752028F18D51001C7372 /* Base */,
			);
			name = Main.storyboard;
			sourceTree = "<group>";
		};
		1225752428F18D53001C7372 /* LaunchScreen.storyboard */ = {
			isa = PBXVariantGroup;
			children = (
				1225752528F18D53001C7372 /* Base */,
			);
			name = LaunchScreen.storyboard;
			sourceTree = "<group>";
		};
/* End PBXVariantGroup section */

/* Begin XCBuildConfiguration section */
		1225753E28F18D53001C7372 /* Debug */ = {
			isa = XCBuildConfiguration;
			buildSettings = {
				ALWAYS_SEARCH_USER_PATHS = NO;
				CLANG_ANALYZER_NONNULL = YES;
				CLANG_ANALYZER_NUMBER_OBJECT_CONVERSION = YES_AGGRESSIVE;
				CLANG_CXX_LANGUAGE_STANDARD = "gnu++20";
				CLANG_ENABLE_MODULES = YES;
				CLANG_ENABLE_OBJC_ARC = YES;
				CLANG_ENABLE_OBJC_WEAK = YES;
				CLANG_WARN_BLOCK_CAPTURE_AUTORELEASING = YES;
				CLANG_WARN_BOOL_CONVERSION = YES;
				CLANG_WARN_COMMA = YES;
				CLANG_WARN_CONSTANT_CONVERSION = YES;
				CLANG_WARN_DEPRECATED_OBJC_IMPLEMENTATIONS = YES;
				CLANG_WARN_DIRECT_OBJC_ISA_USAGE = YES_ERROR;
				CLANG_WARN_DOCUMENTATION_COMMENTS = YES;
				CLANG_WARN_EMPTY_BODY = YES;
				CLANG_WARN_ENUM_CONVERSION = YES;
				CLANG_WARN_INFINITE_RECURSION = YES;
				CLANG_WARN_INT_CONVERSION = YES;
				CLANG_WARN_NON_LITERAL_NULL_CONVERSION = YES;
				CLANG_WARN_OBJC_IMPLICIT_RETAIN_SELF = YES;
				CLANG_WARN_OBJC_LITERAL_CONVERSION = YES;
				CLANG_WARN_OBJC_ROOT_CLASS = YES_ERROR;
				CLANG_WARN_QUOTED_INCLUDE_IN_FRAMEWORK_HEADER = YES;
				CLANG_WARN_RANGE_LOOP_ANALYSIS = YES;
				CLANG_WARN_STRICT_PROTOTYPES = YES;
				CLANG_WARN_SUSPICIOUS_MOVE = YES;
				CLANG_WARN_UNGUARDED_AVAILABILITY = YES_AGGRESSIVE;
				CLANG_WARN_UNREACHABLE_CODE = YES;
				CLANG_WARN__DUPLICATE_METHOD_MATCH = YES;
				COPY_PHASE_STRIP = NO;
				DEBUG_INFORMATION_FORMAT = dwarf;
				ENABLE_STRICT_OBJC_MSGSEND = YES;
				ENABLE_TESTABILITY = YES;
				GCC_C_LANGUAGE_STANDARD = gnu11;
				GCC_DYNAMIC_NO_PIC = NO;
				GCC_NO_COMMON_BLOCKS = YES;
				GCC_OPTIMIZATION_LEVEL = 0;
				GCC_PREPROCESSOR_DEFINITIONS = (
					"DEBUG=1",
					"$(inherited)",
				);
				GCC_WARN_64_TO_32_BIT_CONVERSION = YES;
				GCC_WARN_ABOUT_RETURN_TYPE = YES_ERROR;
				GCC_WARN_UNDECLARED_SELECTOR = YES;
				GCC_WARN_UNINITIALIZED_AUTOS = YES_AGGRESSIVE;
				GCC_WARN_UNUSED_FUNCTION = YES;
				GCC_WARN_UNUSED_VARIABLE = YES;
				IPHONEOS_DEPLOYMENT_TARGET = 16.0;
				MTL_ENABLE_DEBUG_INFO = INCLUDE_SOURCE;
				MTL_FAST_MATH = YES;
				ONLY_ACTIVE_ARCH = YES;
				SDKROOT = iphoneos;
				SWIFT_ACTIVE_COMPILATION_CONDITIONS = DEBUG;
				SWIFT_OPTIMIZATION_LEVEL = "-Onone";
			};
			name = Debug;
		};
		1225753F28F18D53001C7372 /* Release */ = {
			isa = XCBuildConfiguration;
			buildSettings = {
				ALWAYS_SEARCH_USER_PATHS = NO;
				CLANG_ANALYZER_NONNULL = YES;
				CLANG_ANALYZER_NUMBER_OBJECT_CONVERSION = YES_AGGRESSIVE;
				CLANG_CXX_LANGUAGE_STANDARD = "gnu++20";
				CLANG_ENABLE_MODULES = YES;
				CLANG_ENABLE_OBJC_ARC = YES;
				CLANG_ENABLE_OBJC_WEAK = YES;
				CLANG_WARN_BLOCK_CAPTURE_AUTORELEASING = YES;
				CLANG_WARN_BOOL_CONVERSION = YES;
				CLANG_WARN_COMMA = YES;
				CLANG_WARN_CONSTANT_CONVERSION = YES;
				CLANG_WARN_DEPRECATED_OBJC_IMPLEMENTATIONS = YES;
				CLANG_WARN_DIRECT_OBJC_ISA_USAGE = YES_ERROR;
				CLANG_WARN_DOCUMENTATION_COMMENTS = YES;
				CLANG_WARN_EMPTY_BODY = YES;
				CLANG_WARN_ENUM_CONVERSION = YES;
				CLANG_WARN_INFINITE_RECURSION = YES;
				CLANG_WARN_INT_CONVERSION = YES;
				CLANG_WARN_NON_LITERAL_NULL_CONVERSION = YES;
				CLANG_WARN_OBJC_IMPLICIT_RETAIN_SELF = YES;
				CLANG_WARN_OBJC_LITERAL_CONVERSION = YES;
				CLANG_WARN_OBJC_ROOT_CLASS = YES_ERROR;
				CLANG_WARN_QUOTED_INCLUDE_IN_FRAMEWORK_HEADER = YES;
				CLANG_WARN_RANGE_LOOP_ANALYSIS = YES;
				CLANG_WARN_STRICT_PROTOTYPES = YES;
				CLANG_WARN_SUSPICIOUS_MOVE = YES;
				CLANG_WARN_UNGUARDED_AVAILABILITY = YES_AGGRESSIVE;
				CLANG_WARN_UNREACHABLE_CODE = YES;
				CLANG_WARN__DUPLICATE_METHOD_MATCH = YES;
				COPY_PHASE_STRIP = NO;
				DEBUG_INFORMATION_FORMAT = "dwarf-with-dsym";
				ENABLE_NS_ASSERTIONS = NO;
				ENABLE_STRICT_OBJC_MSGSEND = YES;
				GCC_C_LANGUAGE_STANDARD = gnu11;
				GCC_NO_COMMON_BLOCKS = YES;
				GCC_WARN_64_TO_32_BIT_CONVERSION = YES;
				GCC_WARN_ABOUT_RETURN_TYPE = YES_ERROR;
				GCC_WARN_UNDECLARED_SELECTOR = YES;
				GCC_WARN_UNINITIALIZED_AUTOS = YES_AGGRESSIVE;
				GCC_WARN_UNUSED_FUNCTION = YES;
				GCC_WARN_UNUSED_VARIABLE = YES;
				IPHONEOS_DEPLOYMENT_TARGET = 16.0;
				MTL_ENABLE_DEBUG_INFO = NO;
				MTL_FAST_MATH = YES;
				SDKROOT = iphoneos;
				SWIFT_COMPILATION_MODE = wholemodule;
				SWIFT_OPTIMIZATION_LEVEL = "-O";
				VALIDATE_PRODUCT = YES;
			};
			name = Release;
		};
		1225754128F18D53001C7372 /* Debug */ = {
			isa = XCBuildConfiguration;
			buildSettings = {
				ASSETCATALOG_COMPILER_APPICON_NAME = AppIcon;
				ASSETCATALOG_COMPILER_GLOBAL_ACCENT_COLOR_NAME = AccentColor;
				CODE_SIGN_STYLE = Automatic;
				CURRENT_PROJECT_VERSION = 1;
				DEVELOPMENT_TEAM = 27B9XTLYR7;
				GENERATE_INFOPLIST_FILE = YES;
				INFOPLIST_FILE = AgsDemo/Info.plist;
				INFOPLIST_KEY_UIApplicationSupportsIndirectInputEvents = YES;
				INFOPLIST_KEY_UILaunchStoryboardName = LaunchScreen;
				INFOPLIST_KEY_UIMainStoryboardFile = Main;
				INFOPLIST_KEY_UISupportedInterfaceOrientations_iPad = "UIInterfaceOrientationPortrait UIInterfaceOrientationPortraitUpsideDown UIInterfaceOrientationLandscapeLeft UIInterfaceOrientationLandscapeRight";
				INFOPLIST_KEY_UISupportedInterfaceOrientations_iPhone = "UIInterfaceOrientationPortrait UIInterfaceOrientationLandscapeLeft UIInterfaceOrientationLandscapeRight";
				LD_RUNPATH_SEARCH_PATHS = (
					"$(inherited)",
					"@executable_path/Frameworks",
				);
				MARKETING_VERSION = 1.0;
				PRODUCT_BUNDLE_IDENTIFIER = com.age..AgsDemo;
				PRODUCT_NAME = "$(TARGET_NAME)";
				SWIFT_EMIT_LOC_STRINGS = YES;
				SWIFT_VERSION = 5.0;
				TARGETED_DEVICE_FAMILY = "1,2";
			};
			name = Debug;
		};
		1225754228F18D53001C7372 /* Release */ = {
			isa = XCBuildConfiguration;
			buildSettings = {
				ASSETCATALOG_COMPILER_APPICON_NAME = AppIcon;
				ASSETCATALOG_COMPILER_GLOBAL_ACCENT_COLOR_NAME = AccentColor;
				CODE_SIGN_STYLE = Automatic;
				CURRENT_PROJECT_VERSION = 1;
				DEVELOPMENT_TEAM = 27B9XTLYR7;
				GENERATE_INFOPLIST_FILE = YES;
				INFOPLIST_FILE = AgsDemo/Info.plist;
				INFOPLIST_KEY_UIApplicationSupportsIndirectInputEvents = YES;
				INFOPLIST_KEY_UILaunchStoryboardName = LaunchScreen;
				INFOPLIST_KEY_UIMainStoryboardFile = Main;
				INFOPLIST_KEY_UISupportedInterfaceOrientations_iPad = "UIInterfaceOrientationPortrait UIInterfaceOrientationPortraitUpsideDown UIInterfaceOrientationLandscapeLeft UIInterfaceOrientationLandscapeRight";
				INFOPLIST_KEY_UISupportedInterfaceOrientations_iPhone = "UIInterfaceOrientationPortrait UIInterfaceOrientationLandscapeLeft UIInterfaceOrientationLandscapeRight";
				LD_RUNPATH_SEARCH_PATHS = (
					"$(inherited)",
					"@executable_path/Frameworks",
				);
				MARKETING_VERSION = 1.0;
				PRODUCT_BUNDLE_IDENTIFIER = com.age..AgsDemo;
				PRODUCT_NAME = "$(TARGET_NAME)";
				SWIFT_EMIT_LOC_STRINGS = YES;
				SWIFT_VERSION = 5.0;
				TARGETED_DEVICE_FAMILY = "1,2";
			};
			name = Release;
		};
		1225754428F18D53001C7372 /* Debug */ = {
			isa = XCBuildConfiguration;
			buildSettings = {
				ALWAYS_EMBED_SWIFT_STANDARD_LIBRARIES = YES;
				BUNDLE_LOADER = "$(TEST_HOST)";
				CODE_SIGN_STYLE = Automatic;
				CURRENT_PROJECT_VERSION = 1;
				DEVELOPMENT_TEAM = 27B9XTLYR7;
				GENERATE_INFOPLIST_FILE = YES;
				IPHONEOS_DEPLOYMENT_TARGET = 16.0;
				MARKETING_VERSION = 1.0;
				PRODUCT_BUNDLE_IDENTIFIER = com.age..AgsDemoTests;
				PRODUCT_NAME = "$(TARGET_NAME)";
				SWIFT_EMIT_LOC_STRINGS = NO;
				SWIFT_VERSION = 5.0;
				TARGETED_DEVICE_FAMILY = "1,2";
				TEST_HOST = "$(BUILT_PRODUCTS_DIR)/AgsDemo.app/$(BUNDLE_EXECUTABLE_FOLDER_PATH)/AgsDemo";
			};
			name = Debug;
		};
		1225754528F18D53001C7372 /* Release */ = {
			isa = XCBuildConfiguration;
			buildSettings = {
				ALWAYS_EMBED_SWIFT_STANDARD_LIBRARIES = YES;
				BUNDLE_LOADER = "$(TEST_HOST)";
				CODE_SIGN_STYLE = Automatic;
				CURRENT_PROJECT_VERSION = 1;
				DEVELOPMENT_TEAM = 27B9XTLYR7;
				GENERATE_INFOPLIST_FILE = YES;
				IPHONEOS_DEPLOYMENT_TARGET = 16.0;
				MARKETING_VERSION = 1.0;
				PRODUCT_BUNDLE_IDENTIFIER = com.age..AgsDemoTests;
				PRODUCT_NAME = "$(TARGET_NAME)";
				SWIFT_EMIT_LOC_STRINGS = NO;
				SWIFT_VERSION = 5.0;
				TARGETED_DEVICE_FAMILY = "1,2";
				TEST_HOST = "$(BUILT_PRODUCTS_DIR)/AgsDemo.app/$(BUNDLE_EXECUTABLE_FOLDER_PATH)/AgsDemo";
			};
			name = Release;
		};
		1225754728F18D53001C7372 /* Debug */ = {
			isa = XCBuildConfiguration;
			buildSettings = {
				ALWAYS_EMBED_SWIFT_STANDARD_LIBRARIES = YES;
				CODE_SIGN_STYLE = Automatic;
				CURRENT_PROJECT_VERSION = 1;
				DEVELOPMENT_TEAM = 27B9XTLYR7;
				GENERATE_INFOPLIST_FILE = YES;
				MARKETING_VERSION = 1.0;
				PRODUCT_BUNDLE_IDENTIFIER = com.age..AgsDemoUITests;
				PRODUCT_NAME = "$(TARGET_NAME)";
				SWIFT_EMIT_LOC_STRINGS = NO;
				SWIFT_VERSION = 5.0;
				TARGETED_DEVICE_FAMILY = "1,2";
				TEST_TARGET_NAME = AgsDemo;
			};
			name = Debug;
		};
		1225754828F18D53001C7372 /* Release */ = {
			isa = XCBuildConfiguration;
			buildSettings = {
				ALWAYS_EMBED_SWIFT_STANDARD_LIBRARIES = YES;
				CODE_SIGN_STYLE = Automatic;
				CURRENT_PROJECT_VERSION = 1;
				DEVELOPMENT_TEAM = 27B9XTLYR7;
				GENERATE_INFOPLIST_FILE = YES;
				MARKETING_VERSION = 1.0;
				PRODUCT_BUNDLE_IDENTIFIER = com.age..AgsDemoUITests;
				PRODUCT_NAME = "$(TARGET_NAME)";
				SWIFT_EMIT_LOC_STRINGS = NO;
				SWIFT_VERSION = 5.0;
				TARGETED_DEVICE_FAMILY = "1,2";
				TEST_TARGET_NAME = AgsDemo;
			};
			name = Release;
		};
/* End XCBuildConfiguration section */

/* Begin XCConfigurationList section */
		1225751128F18D51001C7372 /* Build configuration list for PBXProject "AgsDemo" */ = {
			isa = XCConfigurationList;
			buildConfigurations = (
				1225753E28F18D53001C7372 /* Debug */,
				1225753F28F18D53001C7372 /* Release */,
			);
			defaultConfigurationIsVisible = 0;
			defaultConfigurationName = Release;
		};
		1225754028F18D53001C7372 /* Build configuration list for PBXNativeTarget "AgsDemo" */ = {
			isa = XCConfigurationList;
			buildConfigurations = (
				1225754128F18D53001C7372 /* Debug */,
				1225754228F18D53001C7372 /* Release */,
			);
			defaultConfigurationIsVisible = 0;
			defaultConfigurationName = Release;
		};
		1225754328F18D53001C7372 /* Build configuration list for PBXNativeTarget "AgsDemoTests" */ = {
			isa = XCConfigurationList;
			buildConfigurations = (
				1225754428F18D53001C7372 /* Debug */,
				1225754528F18D53001C7372 /* Release */,
			);
			defaultConfigurationIsVisible = 0;
			defaultConfigurationName = Release;
		};
		1225754628F18D53001C7372 /* Build configuration list for PBXNativeTarget "AgsDemoUITests" */ = {
			isa = XCConfigurationList;
			buildConfigurations = (
				1225754728F18D53001C7372 /* Debug */,
				1225754828F18D53001C7372 /* Release */,
			);
			defaultConfigurationIsVisible = 0;
			defaultConfigurationName = Release;
		};
/* End XCConfigurationList section */
	};
	rootObject = 1225750E28F18D51001C7372 /* Project object */;
}
